
Microsoft Visual Studio Solution File, Format Version 12.00
# Visual Studio 2013
VisualStudioVersion = 12.0.30723.0
MinimumVisualStudioVersion = 10.0.40219.1
Project("{FAE04EC0-301F-11D3-BF4B-00C04F79EFBC}") = "LT", "LTT\LT.csproj", "{F6EB1A49-18D2-448F-B04D-80B82812DC51}"
EndProject
Project("{2150E333-8FDC-42A3-9474-1A3956D46DE8}") = "Client", "Client", "{1DDAC1AD-CBD5-49C9-9746-022FED2CFFC0}"
EndProject
Project("{2150E333-8FDC-42A3-9474-1A3956D46DE8}") = "Server", "Server", "{1351968F-5809-497B-B385-A13EAEE53FBB}"
EndProject
Project("{2150E333-8FDC-42A3-9474-1A3956D46DE8}") = "Shared", "Shared", "{03B5B0B1-46A0-48EB-84DA-74B8E70D5643}"
EndProject
Project("{FAE04EC0-301F-11D3-BF4B-00C04F79EFBC}") = "LtApi", "LtServices\LtApi.csproj", "{E0BE272E-8D69-4446-B4B5-978236DBFD97}"
EndProject
Project("{FAE04EC0-301F-11D3-BF4B-00C04F79EFBC}") = "LtServices.Tests", "LtServices.Tests\LtServices.Tests.csproj", "{64A57796-A2F0-4F96-B25F-9A0CE829F52E}"
EndProject
Project("{FAE04EC0-301F-11D3-BF4B-00C04F79EFBC}") = "Business", "Business\Business.csproj", "{E245D1E2-F67F-4ACF-8671-7B0DD027F892}"
EndProject
Project("{FAE04EC0-301F-11D3-BF4B-00C04F79EFBC}") = "DataAccess", "DataAccess\DataAccess.csproj", "{8CBDF24C-5B84-47D0-AFAD-C87216B461F8}"
EndProject
Project("{FAE04EC0-301F-11D3-BF4B-00C04F79EFBC}") = "Repository", "Repository\Repository.csproj", "{A97A35A0-D138-4F54-85D5-F9BBB3DAED6E}"
EndProject
Project("{FAE04EC0-301F-11D3-BF4B-00C04F79EFBC}") = "Models", "Models\Models.csproj", "{F71004E7-75CD-42A1-B47B-3FF00CD1CBC5}"
EndProject
Global
	GlobalSection(SolutionConfigurationPlatforms) = preSolution
		Debug|Any CPU = Debug|Any CPU
		Release|Any CPU = Release|Any CPU
	EndGlobalSection
	GlobalSection(ProjectConfigurationPlatforms) = postSolution
		{F6EB1A49-18D2-448F-B04D-80B82812DC51}.Debug|Any CPU.ActiveCfg = Debug|Any CPU
		{F6EB1A49-18D2-448F-B04D-80B82812DC51}.Debug|Any CPU.Build.0 = Debug|Any CPU
		{F6EB1A49-18D2-448F-B04D-80B82812DC51}.Release|Any CPU.ActiveCfg = Release|Any CPU
		{F6EB1A49-18D2-448F-B04D-80B82812DC51}.Release|Any CPU.Build.0 = Release|Any CPU
		{E0BE272E-8D69-4446-B4B5-978236DBFD97}.Debug|Any CPU.ActiveCfg = Debug|Any CPU
		{E0BE272E-8D69-4446-B4B5-978236DBFD97}.Debug|Any CPU.Build.0 = Debug|Any CPU
		{E0BE272E-8D69-4446-B4B5-978236DBFD97}.Release|Any CPU.ActiveCfg = Release|Any CPU
		{E0BE272E-8D69-4446-B4B5-978236DBFD97}.Release|Any CPU.Build.0 = Release|Any CPU
		{64A57796-A2F0-4F96-B25F-9A0CE829F52E}.Debug|Any CPU.ActiveCfg = Debug|Any CPU
		{64A57796-A2F0-4F96-B25F-9A0CE829F52E}.Debug|Any CPU.Build.0 = Debug|Any CPU
		{64A57796-A2F0-4F96-B25F-9A0CE829F52E}.Release|Any CPU.ActiveCfg = Release|Any CPU
		{64A57796-A2F0-4F96-B25F-9A0CE829F52E}.Release|Any CPU.Build.0 = Release|Any CPU
		{E245D1E2-F67F-4ACF-8671-7B0DD027F892}.Debug|Any CPU.ActiveCfg = Debug|Any CPU
		{E245D1E2-F67F-4ACF-8671-7B0DD027F892}.Debug|Any CPU.Build.0 = Debug|Any CPU
		{E245D1E2-F67F-4ACF-8671-7B0DD027F892}.Release|Any CPU.ActiveCfg = Release|Any CPU
		{E245D1E2-F67F-4ACF-8671-7B0DD027F892}.Release|Any CPU.Build.0 = Release|Any CPU
		{8CBDF24C-5B84-47D0-AFAD-C87216B461F8}.Debug|Any CPU.ActiveCfg = Debug|Any CPU
		{8CBDF24C-5B84-47D0-AFAD-C87216B461F8}.Debug|Any CPU.Build.0 = Debug|Any CPU
		{8CBDF24C-5B84-47D0-AFAD-C87216B461F8}.Release|Any CPU.ActiveCfg = Release|Any CPU
		{8CBDF24C-5B84-47D0-AFAD-C87216B461F8}.Release|Any CPU.Build.0 = Release|Any CPU
		{A97A35A0-D138-4F54-85D5-F9BBB3DAED6E}.Debug|Any CPU.ActiveCfg = Debug|Any CPU
		{A97A35A0-D138-4F54-85D5-F9BBB3DAED6E}.Debug|Any CPU.Build.0 = Debug|Any CPU
		{A97A35A0-D138-4F54-85D5-F9BBB3DAED6E}.Release|Any CPU.ActiveCfg = Release|Any CPU
		{A97A35A0-D138-4F54-85D5-F9BBB3DAED6E}.Release|Any CPU.Build.0 = Release|Any CPU
		{F71004E7-75CD-42A1-B47B-3FF00CD1CBC5}.Debug|Any CPU.ActiveCfg = Debug|Any CPU
		{F71004E7-75CD-42A1-B47B-3FF00CD1CBC5}.Debug|Any CPU.Build.0 = Debug|Any CPU
		{F71004E7-75CD-42A1-B47B-3FF00CD1CBC5}.Release|Any CPU.ActiveCfg = Release|Any CPU
		{F71004E7-75CD-42A1-B47B-3FF00CD1CBC5}.Release|Any CPU.Build.0 = Release|Any CPU
	EndGlobalSection
	GlobalSection(SolutionProperties) = preSolution
		HideSolutionNode = FALSE
	EndGlobalSection
	GlobalSection(NestedProjects) = preSolution
		{F6EB1A49-18D2-448F-B04D-80B82812DC51} = {1DDAC1AD-CBD5-49C9-9746-022FED2CFFC0}
		{E0BE272E-8D69-4446-B4B5-978236DBFD97} = {1351968F-5809-497B-B385-A13EAEE53FBB}
		{64A57796-A2F0-4F96-B25F-9A0CE829F52E} = {1351968F-5809-497B-B385-A13EAEE53FBB}
		{E245D1E2-F67F-4ACF-8671-7B0DD027F892} = {1351968F-5809-497B-B385-A13EAEE53FBB}
		{8CBDF24C-5B84-47D0-AFAD-C87216B461F8} = {1351968F-5809-497B-B385-A13EAEE53FBB}
		{A97A35A0-D138-4F54-85D5-F9BBB3DAED6E} = {1351968F-5809-497B-B385-A13EAEE53FBB}
		{F71004E7-75CD-42A1-B47B-3FF00CD1CBC5} = {03B5B0B1-46A0-48EB-84DA-74B8E70D5643}
	EndGlobalSection
EndGlobal
